{
  "lockfileVersion": 1,
  "configVersion": 1,
  "workspaces": {
    "": {
      "dependencies": {
        "chrome-devtools-mcp": "^0.20.0",
      },
    },
  },
  "packages": {
    "chrome-devtools-mcp": ["chrome-devtools-mcp@0.20.0", "", { "bin": { "chrome-devtools-mcp": "build/src/bin/chrome-devtools-mcp.js", "chrome-devtools": "build/src/bin/chrome-devtools.js" } }, "sha512-wBnt8901lAXdac3AB7WdONYTAXGW+YqqIVVg7PztxYVNPs3VVgM2UZnZT/ICYPIofKTuRBOkRdEE/VYm90ZgYA=="],
  }
}
